schema: '2.0'
stages:
  data_ingestion:
    cmd: python src/SMSClassifier/pipeline/stage_01_data_ingestion.py
    deps:
    - path: src/SMSClassifier/pipeline/stage_01_data_ingestion.py
      hash: md5
      md5: ad545d897b215ff70920f499c5822c7e
      size: 929
    outs:
    - path: artifacts/data_ingestion/SMS-Spam
      hash: md5
      md5: e84e4ead589d6e86f7d694a7f9d86e0d.dir
      size: 503663
      nfiles: 1
    - path: artifacts/data_ingestion/SMS-Spam.zip
      hash: md5
      md5: 8eedf9c831c5c342a265af2a04449c8a
      size: 216360
  data_validation:
    cmd: python src/SMSClassifier/pipeline/stage_02_data_validation.py
    deps:
    - path: artifacts/data_ingestion/SMS-Spam
      hash: md5
      md5: e84e4ead589d6e86f7d694a7f9d86e0d.dir
      size: 503663
      nfiles: 1
    - path: config/config.yaml
      hash: md5
      md5: 951e6384e551c5364fa6951449343e55
      size: 640
    - path: src/SMSClassifier/pipeline/stage_02_data_validation.py
      hash: md5
      md5: 88003cc0ca48607db21b746587661d6d
      size: 897
    outs:
    - path: artifacts/data_validation/status.txt
      hash: md5
      md5: 76681957d45f52e2323fcc90b1a3f023
      size: 37
  data_transformation:
    cmd: python src/SMSClassifier/pipeline/stage_03_data_transformation.py
    deps:
    - path: artifacts/data_ingestion/SMS-Spam/spam.csv
      hash: md5
      md5: 008dcf9ca6aab621d3b3831db6815867
      size: 503663
    - path: src/SMSClassifier/pipeline/stage_03_data_transformation.py
      hash: md5
      md5: 9cb3160388b217a3a0845cf9f0e2406b
      size: 1061
    outs:
    - path: artifacts/data_transformation/test.csv
      hash: md5
      md5: 6e29d830cc5551528e36d34eaceb2d3a
      size: 13073569
    - path: artifacts/data_transformation/train.csv
      hash: md5
      md5: 9810359f7ccd1bef0bde1bd11bc62e6a
      size: 39186287
  model_training:
    cmd: python src/SMSClassifier/pipeline/stage_04_model_training.py
    deps:
    - path: artifacts/data_transformation/clean_df.csv
      hash: md5
      md5: 6726e79aa1986f70564c950e4db0f21a
      size: 238560
    - path: src/SMSClassifier/pipeline/stage_04_model_training.py
      hash: md5
      md5: 4ce30da643f791e76c6c610616381146
      size: 866
    outs:
    - path: artifacts/model_training/model.joblib
      hash: md5
      md5: 8b39a9554ac5286c5893ff6c157b7292
      size: 80791
    - path: artifacts/model_training/tfidfv.joblib
      hash: md5
      md5: 8b39a9554ac5286c5893ff6c157b7292
      size: 80791
